// !$*UTF8*$!
{
	archiveVersion = 1;
	classes = {
	};
	objectVersion = 56;
	objects = {

/* Begin PBXBuildFile section */
		7815E6692BB5B5DE009074B2 /* App418App.swift in Sources */ = {isa = PBXBuildFile; fileRef = 7815E6682BB5B5DE009074B2 /* App418App.swift */; };
		7815E66B2BB5B5DE009074B2 /* ContentView.swift in Sources */ = {isa = PBXBuildFile; fileRef = 7815E66A2BB5B5DE009074B2 /* ContentView.swift */; };
		7815E66D2BB5B5DF009074B2 /* Assets.xcassets in Resources */ = {isa = PBXBuildFile; fileRef = 7815E66C2BB5B5DF009074B2 /* Assets.xcassets */; };
		7815E6712BB5B5DF009074B2 /* Preview Assets.xcassets in Resources */ = {isa = PBXBuildFile; fileRef = 7815E6702BB5B5DF009074B2 /* Preview Assets.xcassets */; };
		7815E6842BB5C88E009074B2 /* LoadingView.swift in Sources */ = {isa = PBXBuildFile; fileRef = 7815E6832BB5C88E009074B2 /* LoadingView.swift */; };
		7815E6862BB5C89B009074B2 /* CoreDataStack.swift in Sources */ = {isa = PBXBuildFile; fileRef = 7815E6852BB5C89B009074B2 /* CoreDataStack.swift */; };
		7815E6882BB5C8A4009074B2 /* HomeView.swift in Sources */ = {isa = PBXBuildFile; fileRef = 7815E6872BB5C8A4009074B2 /* HomeView.swift */; };
		7815E68A2BB5DFC1009074B2 /* Launch Screen.storyboard in Resources */ = {isa = PBXBuildFile; fileRef = 7815E6892BB5DFC1009074B2 /* Launch Screen.storyboard */; };
		7815E68C2BB5E003009074B2 /* R1.swift in Sources */ = {isa = PBXBuildFile; fileRef = 7815E68B2BB5E003009074B2 /* R1.swift */; };
		7815E68E2BB5E009009074B2 /* R2.swift in Sources */ = {isa = PBXBuildFile; fileRef = 7815E68D2BB5E009009074B2 /* R2.swift */; };
		7815E6902BB5E00F009074B2 /* R3.swift in Sources */ = {isa = PBXBuildFile; fileRef = 7815E68F2BB5E00F009074B2 /* R3.swift */; };
		7815E6922BB5E03A009074B2 /* User.swift in Sources */ = {isa = PBXBuildFile; fileRef = 7815E6912BB5E03A009074B2 /* User.swift */; };
		7815E6942BB5E03F009074B2 /* Reviews.swift in Sources */ = {isa = PBXBuildFile; fileRef = 7815E6932BB5E03F009074B2 /* Reviews.swift */; };
		7815E6962BB5E044009074B2 /* Join.swift in Sources */ = {isa = PBXBuildFile; fileRef = 7815E6952BB5E044009074B2 /* Join.swift */; };
		7815E6982BB5E04B009074B2 /* Not.swift in Sources */ = {isa = PBXBuildFile; fileRef = 7815E6972BB5E04B009074B2 /* Not.swift */; };
		7815E69A2BB5E2EA009074B2 /* Array.swift in Sources */ = {isa = PBXBuildFile; fileRef = 7815E6992BB5E2EA009074B2 /* Array.swift */; };
		7815E69C2BB5E607009074B2 /* HomeViewModel.swift in Sources */ = {isa = PBXBuildFile; fileRef = 7815E69B2BB5E607009074B2 /* HomeViewModel.swift */; };
		7815E6A12BB5E73B009074B2 /* MyTasksView.swift in Sources */ = {isa = PBXBuildFile; fileRef = 7815E6A02BB5E73B009074B2 /* MyTasksView.swift */; };
		7815E6A42BB5F028009074B2 /* AddTask.swift in Sources */ = {isa = PBXBuildFile; fileRef = 7815E6A32BB5F028009074B2 /* AddTask.swift */; };
		7815E6A72BB5F6E7009074B2 /* EditTasks.swift in Sources */ = {isa = PBXBuildFile; fileRef = 7815E6A62BB5F6E7009074B2 /* EditTasks.swift */; };
		7815E6A92BB5FA8A009074B2 /* CalculatorView.swift in Sources */ = {isa = PBXBuildFile; fileRef = 7815E6A82BB5FA8A009074B2 /* CalculatorView.swift */; };
		7815E6AB2BB5FA97009074B2 /* CalculatorViewModel.swift in Sources */ = {isa = PBXBuildFile; fileRef = 7815E6AA2BB5FA97009074B2 /* CalculatorViewModel.swift */; };
		7815E6AE2BB6DA68009074B2 /* CalcResults.swift in Sources */ = {isa = PBXBuildFile; fileRef = 7815E6AD2BB6DA68009074B2 /* CalcResults.swift */; };
		7815E6B12BB6E1F8009074B2 /* CurrenciesView.swift in Sources */ = {isa = PBXBuildFile; fileRef = 7815E6B02BB6E1F8009074B2 /* CurrenciesView.swift */; };
		7815E6B42BB6E207009074B2 /* Chart.swift in Sources */ = {isa = PBXBuildFile; fileRef = 7815E6B32BB6E207009074B2 /* Chart.swift */; };
		F91827D12BB81005000502E6 /* GoogleService-Info.plist in Resources */ = {isa = PBXBuildFile; fileRef = F91827D02BB81005000502E6 /* GoogleService-Info.plist */; };
		F91827D42BB8102B000502E6 /* ApphudSDK in Frameworks */ = {isa = PBXBuildFile; productRef = F91827D32BB8102B000502E6 /* ApphudSDK */; };
		F91827D72BB81037000502E6 /* YandexMobileMetrica in Frameworks */ = {isa = PBXBuildFile; productRef = F91827D62BB81037000502E6 /* YandexMobileMetrica */; };
		F91827DC2BB81044000502E6 /* OneSignalFramework in Frameworks */ = {isa = PBXBuildFile; productRef = F91827DB2BB81044000502E6 /* OneSignalFramework */; };
		F91827DF2BB8106F000502E6 /* FirebaseRemoteConfigSwift in Frameworks */ = {isa = PBXBuildFile; productRef = F91827DE2BB8106F000502E6 /* FirebaseRemoteConfigSwift */; };
		F91827E22BB8107B000502E6 /* CoreModel.xcdatamodeld in Sources */ = {isa = PBXBuildFile; fileRef = F91827E02BB8107B000502E6 /* CoreModel.xcdatamodeld */; };
		F91827E42BB810A3000502E6 /* Ext+1.swift in Sources */ = {isa = PBXBuildFile; fileRef = F91827E32BB810A3000502E6 /* Ext+1.swift */; };
		F91827E62BB810A7000502E6 /* Ext+2.swift in Sources */ = {isa = PBXBuildFile; fileRef = F91827E52BB810A7000502E6 /* Ext+2.swift */; };
		F91827E82BB810AB000502E6 /* Ext+3.swift in Sources */ = {isa = PBXBuildFile; fileRef = F91827E72BB810AB000502E6 /* Ext+3.swift */; };
/* End PBXBuildFile section */

/* Begin PBXFileReference section */
		7815E6652BB5B5DE009074B2 /* App418.app */ = {isa = PBXFileReference; explicitFileType = wrapper.application; includeInIndex = 0; path = App418.app; sourceTree = BUILT_PRODUCTS_DIR; };
		7815E6682BB5B5DE009074B2 /* App418App.swift */ = {isa = PBXFileReference; lastKnownFileType = sourcecode.swift; path = App418App.swift; sourceTree = "<group>"; };
		7815E66A2BB5B5DE009074B2 /* ContentView.swift */ = {isa = PBXFileReference; lastKnownFileType = sourcecode.swift; path = ContentView.swift; sourceTree = "<group>"; };
		7815E66C2BB5B5DF009074B2 /* Assets.xcassets */ = {isa = PBXFileReference; lastKnownFileType = folder.assetcatalog; path = Assets.xcassets; sourceTree = "<group>"; };
		7815E66E2BB5B5DF009074B2 /* App418.entitlements */ = {isa = PBXFileReference; lastKnownFileType = text.plist.entitlements; path = App418.entitlements; sourceTree = "<group>"; };
		7815E6702BB5B5DF009074B2 /* Preview Assets.xcassets */ = {isa = PBXFileReference; lastKnownFileType = folder.assetcatalog; path = "Preview Assets.xcassets"; sourceTree = "<group>"; };
		7815E6832BB5C88E009074B2 /* LoadingView.swift */ = {isa = PBXFileReference; lastKnownFileType = sourcecode.swift; path = LoadingView.swift; sourceTree = "<group>"; };
		7815E6852BB5C89B009074B2 /* CoreDataStack.swift */ = {isa = PBXFileReference; lastKnownFileType = sourcecode.swift; path = CoreDataStack.swift; sourceTree = "<group>"; };
		7815E6872BB5C8A4009074B2 /* HomeView.swift */ = {isa = PBXFileReference; lastKnownFileType = sourcecode.swift; path = HomeView.swift; sourceTree = "<group>"; };
		7815E6892BB5DFC1009074B2 /* Launch Screen.storyboard */ = {isa = PBXFileReference; lastKnownFileType = file.storyboard; path = "Launch Screen.storyboard"; sourceTree = "<group>"; };
		7815E68B2BB5E003009074B2 /* R1.swift */ = {isa = PBXFileReference; lastKnownFileType = sourcecode.swift; path = R1.swift; sourceTree = "<group>"; };
		7815E68D2BB5E009009074B2 /* R2.swift */ = {isa = PBXFileReference; lastKnownFileType = sourcecode.swift; path = R2.swift; sourceTree = "<group>"; };
		7815E68F2BB5E00F009074B2 /* R3.swift */ = {isa = PBXFileReference; lastKnownFileType = sourcecode.swift; path = R3.swift; sourceTree = "<group>"; };
		7815E6912BB5E03A009074B2 /* User.swift */ = {isa = PBXFileReference; lastKnownFileType = sourcecode.swift; path = User.swift; sourceTree = "<group>"; };
		7815E6932BB5E03F009074B2 /* Reviews.swift */ = {isa = PBXFileReference; lastKnownFileType = sourcecode.swift; path = Reviews.swift; sourceTree = "<group>"; };
		7815E6952BB5E044009074B2 /* Join.swift */ = {isa = PBXFileReference; lastKnownFileType = sourcecode.swift; path = Join.swift; sourceTree = "<group>"; };
		7815E6972BB5E04B009074B2 /* Not.swift */ = {isa = PBXFileReference; lastKnownFileType = sourcecode.swift; path = Not.swift; sourceTree = "<group>"; };
		7815E6992BB5E2EA009074B2 /* Array.swift */ = {isa = PBXFileReference; lastKnownFileType = sourcecode.swift; path = Array.swift; sourceTree = "<group>"; };
		7815E69B2BB5E607009074B2 /* HomeViewModel.swift */ = {isa = PBXFileReference; lastKnownFileType = sourcecode.swift; path = HomeViewModel.swift; sourceTree = "<group>"; };
		7815E6A02BB5E73B009074B2 /* MyTasksView.swift */ = {isa = PBXFileReference; lastKnownFileType = sourcecode.swift; path = MyTasksView.swift; sourceTree = "<group>"; };
		7815E6A32BB5F028009074B2 /* AddTask.swift */ = {isa = PBXFileReference; lastKnownFileType = sourcecode.swift; path = AddTask.swift; sourceTree = "<group>"; };
		7815E6A62BB5F6E7009074B2 /* EditTasks.swift */ = {isa = PBXFileReference; lastKnownFileType = sourcecode.swift; path = EditTasks.swift; sourceTree = "<group>"; };
		7815E6A82BB5FA8A009074B2 /* CalculatorView.swift */ = {isa = PBXFileReference; lastKnownFileType = sourcecode.swift; path = CalculatorView.swift; sourceTree = "<group>"; };
		7815E6AA2BB5FA97009074B2 /* CalculatorViewModel.swift */ = {isa = PBXFileReference; lastKnownFileType = sourcecode.swift; path = CalculatorViewModel.swift; sourceTree = "<group>"; };
		7815E6AD2BB6DA68009074B2 /* CalcResults.swift */ = {isa = PBXFileReference; lastKnownFileType = sourcecode.swift; path = CalcResults.swift; sourceTree = "<group>"; };
		7815E6B02BB6E1F8009074B2 /* CurrenciesView.swift */ = {isa = PBXFileReference; lastKnownFileType = sourcecode.swift; path = CurrenciesView.swift; sourceTree = "<group>"; };
		7815E6B32BB6E207009074B2 /* Chart.swift */ = {isa = PBXFileReference; lastKnownFileType = sourcecode.swift; path = Chart.swift; sourceTree = "<group>"; };
		F91827D02BB81005000502E6 /* GoogleService-Info.plist */ = {isa = PBXFileReference; fileEncoding = 4; lastKnownFileType = text.plist.xml; path = "GoogleService-Info.plist"; sourceTree = SOURCE_ROOT; };
		F91827E12BB8107B000502E6 /* CoreModel.xcdatamodel */ = {isa = PBXFileReference; lastKnownFileType = wrapper.xcdatamodel; path = CoreModel.xcdatamodel; sourceTree = "<group>"; };
		F91827E32BB810A3000502E6 /* Ext+1.swift */ = {isa = PBXFileReference; lastKnownFileType = sourcecode.swift; path = "Ext+1.swift"; sourceTree = "<group>"; };
		F91827E52BB810A7000502E6 /* Ext+2.swift */ = {isa = PBXFileReference; lastKnownFileType = sourcecode.swift; path = "Ext+2.swift"; sourceTree = "<group>"; };
		F91827E72BB810AB000502E6 /* Ext+3.swift */ = {isa = PBXFileReference; lastKnownFileType = sourcecode.swift; path = "Ext+3.swift"; sourceTree = "<group>"; };
		F91827E92BB812B8000502E6 /* Info.plist */ = {isa = PBXFileReference; lastKnownFileType = text.plist; path = Info.plist; sourceTree = "<group>"; };
/* End PBXFileReference section */

/* Begin PBXFrameworksBuildPhase section */
		7815E6622BB5B5DE009074B2 /* Frameworks */ = {
			isa = PBXFrameworksBuildPhase;
			buildActionMask = 2147483647;
			files = (
				F91827DC2BB81044000502E6 /* OneSignalFramework in Frameworks */,
				F91827DF2BB8106F000502E6 /* FirebaseRemoteConfigSwift in Frameworks */,
				F91827D42BB8102B000502E6 /* ApphudSDK in Frameworks */,
				F91827D72BB81037000502E6 /* YandexMobileMetrica in Frameworks */,
			);
			runOnlyForDeploymentPostprocessing = 0;
		};
/* End PBXFrameworksBuildPhase section */

/* Begin PBXGroup section */
		7815E65C2BB5B5DE009074B2 = {
			isa = PBXGroup;
			children = (
				7815E6672BB5B5DE009074B2 /* App418 */,
				7815E6662BB5B5DE009074B2 /* Products */,
			);
			sourceTree = "<group>";
		};
		7815E6662BB5B5DE009074B2 /* Products */ = {
			isa = PBXGroup;
			children = (
				7815E6652BB5B5DE009074B2 /* App418.app */,
			);
			name = Products;
			sourceTree = "<group>";
		};
		7815E6672BB5B5DE009074B2 /* App418 */ = {
			isa = PBXGroup;
			children = (
				F91827E92BB812B8000502E6 /* Info.plist */,
				F91827D02BB81005000502E6 /* GoogleService-Info.plist */,
				7815E6772BB5B630009074B2 /* Project */,
				7815E6682BB5B5DE009074B2 /* App418App.swift */,
				7815E66A2BB5B5DE009074B2 /* ContentView.swift */,
				7815E66C2BB5B5DF009074B2 /* Assets.xcassets */,
				7815E66E2BB5B5DF009074B2 /* App418.entitlements */,
				7815E66F2BB5B5DF009074B2 /* Preview Content */,
			);
			path = App418;
			sourceTree = "<group>";
		};
		7815E66F2BB5B5DF009074B2 /* Preview Content */ = {
			isa = PBXGroup;
			children = (
				7815E6702BB5B5DF009074B2 /* Preview Assets.xcassets */,
			);
			path = "Preview Content";
			sourceTree = "<group>";
		};
		7815E6772BB5B630009074B2 /* Project */ = {
			isa = PBXGroup;
			children = (
				7815E67B2BB5B653009074B2 /* Views */,
				7815E67A2BB5B64D009074B2 /* Extensions */,
				7815E6792BB5B63F009074B2 /* TabBar */,
				7815E6782BB5B637009074B2 /* StartScreens */,
			);
			path = Project;
			sourceTree = "<group>";
		};
		7815E6782BB5B637009074B2 /* StartScreens */ = {
			isa = PBXGroup;
			children = (
				7815E67F2BB5B674009074B2 /* Rev */,
				7815E67E2BB5B66A009074B2 /* User */,
				7815E67D2BB5B661009074B2 /* LaunchScreen */,
				7815E67C2BB5B65B009074B2 /* LoadingView */,
			);
			path = StartScreens;
			sourceTree = "<group>";
		};
		7815E6792BB5B63F009074B2 /* TabBar */ = {
			isa = PBXGroup;
			children = (
			);
			path = TabBar;
			sourceTree = "<group>";
		};
		7815E67A2BB5B64D009074B2 /* Extensions */ = {
			isa = PBXGroup;
			children = (
				7815E6852BB5C89B009074B2 /* CoreDataStack.swift */,
				7815E6992BB5E2EA009074B2 /* Array.swift */,
				F91827E02BB8107B000502E6 /* CoreModel.xcdatamodeld */,
				F91827E32BB810A3000502E6 /* Ext+1.swift */,
				F91827E52BB810A7000502E6 /* Ext+2.swift */,
				F91827E72BB810AB000502E6 /* Ext+3.swift */,
			);
			path = Extensions;
			sourceTree = "<group>";
		};
		7815E67B2BB5B653009074B2 /* Views */ = {
			isa = PBXGroup;
			children = (
				7815E6822BB5C883009074B2 /* Calculator */,
				7815E6812BB5C87E009074B2 /* Tasks */,
				7815E6802BB5C876009074B2 /* Home */,
			);
			path = Views;
			sourceTree = "<group>";
		};
		7815E67C2BB5B65B009074B2 /* LoadingView */ = {
			isa = PBXGroup;
			children = (
				7815E6832BB5C88E009074B2 /* LoadingView.swift */,
			);
			path = LoadingView;
			sourceTree = "<group>";
		};
		7815E67D2BB5B661009074B2 /* LaunchScreen */ = {
			isa = PBXGroup;
			children = (
				7815E6892BB5DFC1009074B2 /* Launch Screen.storyboard */,
			);
			path = LaunchScreen;
			sourceTree = "<group>";
		};
		7815E67E2BB5B66A009074B2 /* User */ = {
			isa = PBXGroup;
			children = (
				7815E6912BB5E03A009074B2 /* User.swift */,
				7815E6932BB5E03F009074B2 /* Reviews.swift */,
				7815E6952BB5E044009074B2 /* Join.swift */,
				7815E6972BB5E04B009074B2 /* Not.swift */,
			);
			path = User;
			sourceTree = "<group>";
		};
		7815E67F2BB5B674009074B2 /* Rev */ = {
			isa = PBXGroup;
			children = (
				7815E68B2BB5E003009074B2 /* R1.swift */,
				7815E68D2BB5E009009074B2 /* R2.swift */,
				7815E68F2BB5E00F009074B2 /* R3.swift */,
			);
			path = Rev;
			sourceTree = "<group>";
		};
		7815E6802BB5C876009074B2 /* Home */ = {
			isa = PBXGroup;
			children = (
				7815E6872BB5C8A4009074B2 /* HomeView.swift */,
				7815E69B2BB5E607009074B2 /* HomeViewModel.swift */,
			);
			path = Home;
			sourceTree = "<group>";
		};
		7815E6812BB5C87E009074B2 /* Tasks */ = {
			isa = PBXGroup;
			children = (
				7815E6A52BB5F6DA009074B2 /* EditTasks */,
				7815E6A22BB5F020009074B2 /* AddTask */,
				7815E6A02BB5E73B009074B2 /* MyTasksView.swift */,
			);
			path = Tasks;
			sourceTree = "<group>";
		};
		7815E6822BB5C883009074B2 /* Calculator */ = {
			isa = PBXGroup;
			children = (
				7815E6B22BB6E1FB009074B2 /* Chart */,
				7815E6AF2BB6E1E7009074B2 /* CurrenciesView */,
				7815E6AC2BB6DA57009074B2 /* CalcResults */,
				7815E6A82BB5FA8A009074B2 /* CalculatorView.swift */,
				7815E6AA2BB5FA97009074B2 /* CalculatorViewModel.swift */,
			);
			path = Calculator;
			sourceTree = "<group>";
		};
		7815E6A22BB5F020009074B2 /* AddTask */ = {
			isa = PBXGroup;
			children = (
				7815E6A32BB5F028009074B2 /* AddTask.swift */,
			);
			path = AddTask;
			sourceTree = "<group>";
		};
		7815E6A52BB5F6DA009074B2 /* EditTasks */ = {
			isa = PBXGroup;
			children = (
				7815E6A62BB5F6E7009074B2 /* EditTasks.swift */,
			);
			path = EditTasks;
			sourceTree = "<group>";
		};
		7815E6AC2BB6DA57009074B2 /* CalcResults */ = {
			isa = PBXGroup;
			children = (
				7815E6AD2BB6DA68009074B2 /* CalcResults.swift */,
			);
			path = CalcResults;
			sourceTree = "<group>";
		};
		7815E6AF2BB6E1E7009074B2 /* CurrenciesView */ = {
			isa = PBXGroup;
			children = (
				7815E6B02BB6E1F8009074B2 /* CurrenciesView.swift */,
			);
			path = CurrenciesView;
			sourceTree = "<group>";
		};
		7815E6B22BB6E1FB009074B2 /* Chart */ = {
			isa = PBXGroup;
			children = (
				7815E6B32BB6E207009074B2 /* Chart.swift */,
			);
			path = Chart;
			sourceTree = "<group>";
		};
/* End PBXGroup section */

/* Begin PBXNativeTarget section */
		7815E6642BB5B5DE009074B2 /* App418 */ = {
			isa = PBXNativeTarget;
			buildConfigurationList = 7815E6742BB5B5DF009074B2 /* Build configuration list for PBXNativeTarget "App418" */;
			buildPhases = (
				7815E6612BB5B5DE009074B2 /* Sources */,
				7815E6622BB5B5DE009074B2 /* Frameworks */,
				7815E6632BB5B5DE009074B2 /* Resources */,
			);
			buildRules = (
			);
			dependencies = (
			);
			name = App418;
			packageProductDependencies = (
				F91827D32BB8102B000502E6 /* ApphudSDK */,
				F91827D62BB81037000502E6 /* YandexMobileMetrica */,
				F91827DB2BB81044000502E6 /* OneSignalFramework */,
				F91827DE2BB8106F000502E6 /* FirebaseRemoteConfigSwift */,
			);
			productName = App418;
			productReference = 7815E6652BB5B5DE009074B2 /* App418.app */;
			productType = "com.apple.product-type.application";
		};
/* End PBXNativeTarget section */

/* Begin PBXProject section */
		7815E65D2BB5B5DE009074B2 /* Project object */ = {
			isa = PBXProject;
			attributes = {
				BuildIndependentTargetsInParallel = 1;
				LastSwiftUpdateCheck = 1530;
				LastUpgradeCheck = 1530;
				TargetAttributes = {
					7815E6642BB5B5DE009074B2 = {
						CreatedOnToolsVersion = 15.3;
					};
				};
			};
			buildConfigurationList = 7815E6602BB5B5DE009074B2 /* Build configuration list for PBXProject "App418" */;
			compatibilityVersion = "Xcode 14.0";
			developmentRegion = en;
			hasScannedForEncodings = 0;
			knownRegions = (
				en,
				Base,
			);
			mainGroup = 7815E65C2BB5B5DE009074B2;
			packageReferences = (
				F91827D22BB8102B000502E6 /* XCRemoteSwiftPackageReference "ApphudSDK" */,
				F91827D52BB81037000502E6 /* XCRemoteSwiftPackageReference "metrica-sdk-ios" */,
				F91827DA2BB81044000502E6 /* XCRemoteSwiftPackageReference "OneSignal-iOS-SDK" */,
				F91827DD2BB8106F000502E6 /* XCRemoteSwiftPackageReference "firebase-ios-sdk" */,
			);
			productRefGroup = 7815E6662BB5B5DE009074B2 /* Products */;
			projectDirPath = "";
			projectRoot = "";
			targets = (
				7815E6642BB5B5DE009074B2 /* App418 */,
			);
		};
/* End PBXProject section */

/* Begin PBXResourcesBuildPhase section */
		7815E6632BB5B5DE009074B2 /* Resources */ = {
			isa = PBXResourcesBuildPhase;
			buildActionMask = 2147483647;
			files = (
				7815E68A2BB5DFC1009074B2 /* Launch Screen.storyboard in Resources */,
				F91827D12BB81005000502E6 /* GoogleService-Info.plist in Resources */,
				7815E6712BB5B5DF009074B2 /* Preview Assets.xcassets in Resources */,
				7815E66D2BB5B5DF009074B2 /* Assets.xcassets in Resources */,
			);
			runOnlyForDeploymentPostprocessing = 0;
		};
/* End PBXResourcesBuildPhase section */

/* Begin PBXSourcesBuildPhase section */
		7815E6612BB5B5DE009074B2 /* Sources */ = {
			isa = PBXSourcesBuildPhase;
			buildActionMask = 2147483647;
			files = (
				7815E6902BB5E00F009074B2 /* R3.swift in Sources */,
				7815E6982BB5E04B009074B2 /* Not.swift in Sources */,
				7815E6A92BB5FA8A009074B2 /* CalculatorView.swift in Sources */,
				7815E6962BB5E044009074B2 /* Join.swift in Sources */,
				7815E6A42BB5F028009074B2 /* AddTask.swift in Sources */,
				F91827E82BB810AB000502E6 /* Ext+3.swift in Sources */,
				7815E6B12BB6E1F8009074B2 /* CurrenciesView.swift in Sources */,
				7815E6A12BB5E73B009074B2 /* MyTasksView.swift in Sources */,
				7815E6942BB5E03F009074B2 /* Reviews.swift in Sources */,
				7815E6A72BB5F6E7009074B2 /* EditTasks.swift in Sources */,
				7815E66B2BB5B5DE009074B2 /* ContentView.swift in Sources */,
				7815E6692BB5B5DE009074B2 /* App418App.swift in Sources */,
				7815E68E2BB5E009009074B2 /* R2.swift in Sources */,
				7815E6B42BB6E207009074B2 /* Chart.swift in Sources */,
				7815E68C2BB5E003009074B2 /* R1.swift in Sources */,
				7815E6922BB5E03A009074B2 /* User.swift in Sources */,
				7815E69C2BB5E607009074B2 /* HomeViewModel.swift in Sources */,
				F91827E22BB8107B000502E6 /* CoreModel.xcdatamodeld in Sources */,
				7815E6AB2BB5FA97009074B2 /* CalculatorViewModel.swift in Sources */,
				7815E6AE2BB6DA68009074B2 /* CalcResults.swift in Sources */,
				F91827E42BB810A3000502E6 /* Ext+1.swift in Sources */,
				7815E69A2BB5E2EA009074B2 /* Array.swift in Sources */,
				F91827E62BB810A7000502E6 /* Ext+2.swift in Sources */,
				7815E6842BB5C88E009074B2 /* LoadingView.swift in Sources */,
				7815E6882BB5C8A4009074B2 /* HomeView.swift in Sources */,
				7815E6862BB5C89B009074B2 /* CoreDataStack.swift in Sources */,
			);
			runOnlyForDeploymentPostprocessing = 0;
		};
/* End PBXSourcesBuildPhase section */

/* Begin XCBuildConfiguration section */
		7815E6722BB5B5DF009074B2 /* Debug */ = {
			isa = XCBuildConfiguration;
			buildSettings = {
				ALWAYS_SEARCH_USER_PATHS = NO;
				ASSETCATALOG_COMPILER_GENERATE_SWIFT_ASSET_SYMBOL_EXTENSIONS = YES;
				CLANG_ANALYZER_NONNULL = YES;
				CLANG_ANALYZER_NUMBER_OBJECT_CONVERSION = YES_AGGRESSIVE;
				CLANG_CXX_LANGUAGE_STANDARD = "gnu++20";
				CLANG_ENABLE_MODULES = YES;
				CLANG_ENABLE_OBJC_ARC = YES;
				CLANG_ENABLE_OBJC_WEAK = YES;
				CLANG_WARN_BLOCK_CAPTURE_AUTORELEASING = YES;
				CLANG_WARN_BOOL_CONVERSION = YES;
				CLANG_WARN_COMMA = YES;
				CLANG_WARN_CONSTANT_CONVERSION = YES;
				CLANG_WARN_DEPRECATED_OBJC_IMPLEMENTATIONS = YES;
				CLANG_WARN_DIRECT_OBJC_ISA_USAGE = YES_ERROR;
				CLANG_WARN_DOCUMENTATION_COMMENTS = YES;
				CLANG_WARN_EMPTY_BODY = YES;
				CLANG_WARN_ENUM_CONVERSION = YES;
				CLANG_WARN_INFINITE_RECURSION = YES;
				CLANG_WARN_INT_CONVERSION = YES;
				CLANG_WARN_NON_LITERAL_NULL_CONVERSION = YES;
				CLANG_WARN_OBJC_IMPLICIT_RETAIN_SELF = YES;
				CLANG_WARN_OBJC_LITERAL_CONVERSION = YES;
				CLANG_WARN_OBJC_ROOT_CLASS = YES_ERROR;
				CLANG_WARN_QUOTED_INCLUDE_IN_FRAMEWORK_HEADER = YES;
				CLANG_WARN_RANGE_LOOP_ANALYSIS = YES;
				CLANG_WARN_STRICT_PROTOTYPES = YES;
				CLANG_WARN_SUSPICIOUS_MOVE = YES;
				CLANG_WARN_UNGUARDED_AVAILABILITY = YES_AGGRESSIVE;
				CLANG_WARN_UNREACHABLE_CODE = YES;
				CLANG_WARN__DUPLICATE_METHOD_MATCH = YES;
				COPY_PHASE_STRIP = NO;
				DEBUG_INFORMATION_FORMAT = dwarf;
				ENABLE_STRICT_OBJC_MSGSEND = YES;
				ENABLE_TESTABILITY = YES;
				ENABLE_USER_SCRIPT_SANDBOXING = YES;
				GCC_C_LANGUAGE_STANDARD = gnu17;
				GCC_DYNAMIC_NO_PIC = NO;
				GCC_NO_COMMON_BLOCKS = YES;
				GCC_OPTIMIZATION_LEVEL = fast;
				GCC_PREPROCESSOR_DEFINITIONS = (
					"DEBUG=1",
					"$(inherited)",
				);
				GCC_WARN_64_TO_32_BIT_CONVERSION = YES;
				GCC_WARN_ABOUT_RETURN_TYPE = YES_ERROR;
				GCC_WARN_UNDECLARED_SELECTOR = YES;
				GCC_WARN_UNINITIALIZED_AUTOS = YES_AGGRESSIVE;
				GCC_WARN_UNUSED_FUNCTION = YES;
				GCC_WARN_UNUSED_VARIABLE = YES;
				LOCALIZATION_PREFERS_STRING_CATALOGS = YES;
				MTL_ENABLE_DEBUG_INFO = INCLUDE_SOURCE;
				MTL_FAST_MATH = YES;
				ONLY_ACTIVE_ARCH = YES;
				SWIFT_ACTIVE_COMPILATION_CONDITIONS = "DEBUG $(inherited)";
				SWIFT_OPTIMIZATION_LEVEL = "-Onone";
			};
			name = Debug;
		};
		7815E6732BB5B5DF009074B2 /* Release */ = {
			isa = XCBuildConfiguration;
			buildSettings = {
				ALWAYS_SEARCH_USER_PATHS = NO;
				ASSETCATALOG_COMPILER_GENERATE_SWIFT_ASSET_SYMBOL_EXTENSIONS = YES;
				CLANG_ANALYZER_NONNULL = YES;
				CLANG_ANALYZER_NUMBER_OBJECT_CONVERSION = YES_AGGRESSIVE;
				CLANG_CXX_LANGUAGE_STANDARD = "gnu++20";
				CLANG_ENABLE_MODULES = YES;
				CLANG_ENABLE_OBJC_ARC = YES;
				CLANG_ENABLE_OBJC_WEAK = YES;
				CLANG_WARN_BLOCK_CAPTURE_AUTORELEASING = YES;
				CLANG_WARN_BOOL_CONVERSION = YES;
				CLANG_WARN_COMMA = YES;
				CLANG_WARN_CONSTANT_CONVERSION = YES;
				CLANG_WARN_DEPRECATED_OBJC_IMPLEMENTATIONS = YES;
				CLANG_WARN_DIRECT_OBJC_ISA_USAGE = YES_ERROR;
				CLANG_WARN_DOCUMENTATION_COMMENTS = YES;
				CLANG_WARN_EMPTY_BODY = YES;
				CLANG_WARN_ENUM_CONVERSION = YES;
				CLANG_WARN_INFINITE_RECURSION = YES;
				CLANG_WARN_INT_CONVERSION = YES;
				CLANG_WARN_NON_LITERAL_NULL_CONVERSION = YES;
				CLANG_WARN_OBJC_IMPLICIT_RETAIN_SELF = YES;
				CLANG_WARN_OBJC_LITERAL_CONVERSION = YES;
				CLANG_WARN_OBJC_ROOT_CLASS = YES_ERROR;
				CLANG_WARN_QUOTED_INCLUDE_IN_FRAMEWORK_HEADER = YES;
				CLANG_WARN_RANGE_LOOP_ANALYSIS = YES;
				CLANG_WARN_STRICT_PROTOTYPES = YES;
				CLANG_WARN_SUSPICIOUS_MOVE = YES;
				CLANG_WARN_UNGUARDED_AVAILABILITY = YES_AGGRESSIVE;
				CLANG_WARN_UNREACHABLE_CODE = YES;
				CLANG_WARN__DUPLICATE_METHOD_MATCH = YES;
				COPY_PHASE_STRIP = NO;
				DEBUG_INFORMATION_FORMAT = "dwarf-with-dsym";
				ENABLE_NS_ASSERTIONS = NO;
				ENABLE_STRICT_OBJC_MSGSEND = YES;
				ENABLE_USER_SCRIPT_SANDBOXING = YES;
				GCC_C_LANGUAGE_STANDARD = gnu17;
				GCC_NO_COMMON_BLOCKS = YES;
				GCC_OPTIMIZATION_LEVEL = fast;
				GCC_WARN_64_TO_32_BIT_CONVERSION = YES;
				GCC_WARN_ABOUT_RETURN_TYPE = YES_ERROR;
				GCC_WARN_UNDECLARED_SELECTOR = YES;
				GCC_WARN_UNINITIALIZED_AUTOS = YES_AGGRESSIVE;
				GCC_WARN_UNUSED_FUNCTION = YES;
				GCC_WARN_UNUSED_VARIABLE = YES;
				LOCALIZATION_PREFERS_STRING_CATALOGS = YES;
				MTL_ENABLE_DEBUG_INFO = NO;
				MTL_FAST_MATH = YES;
				SWIFT_COMPILATION_MODE = wholemodule;
			};
			name = Release;
		};
		7815E6752BB5B5DF009074B2 /* Debug */ = {
			isa = XCBuildConfiguration;
			buildSettings = {
				ASSETCATALOG_COMPILER_APPICON_NAME = AppIcon;
				ASSETCATALOG_COMPILER_GLOBAL_ACCENT_COLOR_NAME = AccentColor;
				CODE_SIGN_ENTITLEMENTS = App418/App418.entitlements;
				CODE_SIGN_STYLE = Automatic;
				CURRENT_PROJECT_VERSION = 1;
				DEVELOPMENT_ASSET_PATHS = "\"App418/Preview Content\"";
				ENABLE_PREVIEWS = YES;
				GENERATE_INFOPLIST_FILE = YES;
				INFOPLIST_FILE = App418/Info.plist;
				INFOPLIST_KEY_CFBundleDisplayName = "VersaNet Pro";
				"INFOPLIST_KEY_UIApplicationSceneManifest_Generation[sdk=iphoneos*]" = YES;
				"INFOPLIST_KEY_UIApplicationSceneManifest_Generation[sdk=iphonesimulator*]" = YES;
				"INFOPLIST_KEY_UIApplicationSupportsIndirectInputEvents[sdk=iphoneos*]" = YES;
				"INFOPLIST_KEY_UIApplicationSupportsIndirectInputEvents[sdk=iphonesimulator*]" = YES;
				"INFOPLIST_KEY_UILaunchScreen_Generation[sdk=iphoneos*]" = YES;
				"INFOPLIST_KEY_UILaunchScreen_Generation[sdk=iphonesimulator*]" = YES;
				INFOPLIST_KEY_UILaunchStoryboardName = "Launch Screen.storyboard";
				"INFOPLIST_KEY_UIStatusBarStyle[sdk=iphoneos*]" = UIStatusBarStyleDefault;
				"INFOPLIST_KEY_UIStatusBarStyle[sdk=iphonesimulator*]" = UIStatusBarStyleDefault;
				INFOPLIST_KEY_UISupportedInterfaceOrientations = UIInterfaceOrientationPortrait;
				INFOPLIST_KEY_UISupportedInterfaceOrientations_iPad = "UIInterfaceOrientationLandscapeLeft UIInterfaceOrientationLandscapeRight UIInterfaceOrientationPortrait UIInterfaceOrientationPortraitUpsideDown";
				IPHONEOS_DEPLOYMENT_TARGET = 14.0;
				LD_RUNPATH_SEARCH_PATHS = "@executable_path/Frameworks";
				"LD_RUNPATH_SEARCH_PATHS[sdk=macosx*]" = "@executable_path/../Frameworks";
				MACOSX_DEPLOYMENT_TARGET = 14.1;
				MARKETING_VERSION = 1.0;
				PRODUCT_BUNDLE_IDENTIFIER = IOI.App418;
				PRODUCT_NAME = "$(TARGET_NAME)";
				SDKROOT = auto;
				SUPPORTED_PLATFORMS = "iphoneos iphonesimulator";
				SUPPORTS_MACCATALYST = NO;
				SWIFT_EMIT_LOC_STRINGS = YES;
				SWIFT_VERSION = 5.0;
				TARGETED_DEVICE_FAMILY = 1;
			};
			name = Debug;
		};
		7815E6762BB5B5DF009074B2 /* Release */ = {
			isa = XCBuildConfiguration;
			buildSettings = {
				ASSETCATALOG_COMPILER_APPICON_NAME = AppIcon;
				ASSETCATALOG_COMPILER_GLOBAL_ACCENT_COLOR_NAME = AccentColor;
				CODE_SIGN_ENTITLEMENTS = App418/App418.entitlements;
				CODE_SIGN_STYLE = Automatic;
				CURRENT_PROJECT_VERSION = 1;
				DEVELOPMENT_ASSET_PATHS = "\"App418/Preview Content\"";
				ENABLE_PREVIEWS = YES;
				GENERATE_INFOPLIST_FILE = YES;
				INFOPLIST_FILE = App418/Info.plist;
				INFOPLIST_KEY_CFBundleDisplayName = "VersaNet Pro";
				"INFOPLIST_KEY_UIApplicationSceneManifest_Generation[sdk=iphoneos*]" = YES;
				"INFOPLIST_KEY_UIApplicationSceneManifest_Generation[sdk=iphonesimulator*]" = YES;
				"INFOPLIST_KEY_UIApplicationSupportsIndirectInputEvents[sdk=iphoneos*]" = YES;
				"INFOPLIST_KEY_UIApplicationSupportsIndirectInputEvents[sdk=iphonesimulator*]" = YES;
				"INFOPLIST_KEY_UILaunchScreen_Generation[sdk=iphoneos*]" = YES;
				"INFOPLIST_KEY_UILaunchScreen_Generation[sdk=iphonesimulator*]" = YES;
				INFOPLIST_KEY_UILaunchStoryboardName = "Launch Screen.storyboard";
				"INFOPLIST_KEY_UIStatusBarStyle[sdk=iphoneos*]" = UIStatusBarStyleDefault;
				"INFOPLIST_KEY_UIStatusBarStyle[sdk=iphonesimulator*]" = UIStatusBarStyleDefault;
				INFOPLIST_KEY_UISupportedInterfaceOrientations = UIInterfaceOrientationPortrait;
				INFOPLIST_KEY_UISupportedInterfaceOrientations_iPad = "UIInterfaceOrientationLandscapeLeft UIInterfaceOrientationLandscapeRight UIInterfaceOrientationPortrait UIInterfaceOrientationPortraitUpsideDown";
				IPHONEOS_DEPLOYMENT_TARGET = 14.0;
				LD_RUNPATH_SEARCH_PATHS = "@executable_path/Frameworks";
				"LD_RUNPATH_SEARCH_PATHS[sdk=macosx*]" = "@executable_path/../Frameworks";
				MACOSX_DEPLOYMENT_TARGET = 14.1;
				MARKETING_VERSION = 1.0;
				PRODUCT_BUNDLE_IDENTIFIER = IOI.App418;
				PRODUCT_NAME = "$(TARGET_NAME)";
				SDKROOT = auto;
				SUPPORTED_PLATFORMS = "iphoneos iphonesimulator";
				SUPPORTS_MACCATALYST = NO;
				SWIFT_EMIT_LOC_STRINGS = YES;
				SWIFT_VERSION = 5.0;
				TARGETED_DEVICE_FAMILY = 1;
			};
			name = Release;
		};
/* End XCBuildConfiguration section */

/* Begin XCConfigurationList section */
		7815E6602BB5B5DE009074B2 /* Build configuration list for PBXProject "App418" */ = {
			isa = XCConfigurationList;
			buildConfigurations = (
				7815E6722BB5B5DF009074B2 /* Debug */,
				7815E6732BB5B5DF009074B2 /* Release */,
			);
			defaultConfigurationIsVisible = 0;
			defaultConfigurationName = Release;
		};
		7815E6742BB5B5DF009074B2 /* Build configuration list for PBXNativeTarget "App418" */ = {
			isa = XCConfigurationList;
			buildConfigurations = (
				7815E6752BB5B5DF009074B2 /* Debug */,
				7815E6762BB5B5DF009074B2 /* Release */,
			);
			defaultConfigurationIsVisible = 0;
			defaultConfigurationName = Release;
		};
/* End XCConfigurationList section */

/* Begin XCRemoteSwiftPackageReference section */
		F91827D22BB8102B000502E6 /* XCRemoteSwiftPackageReference "ApphudSDK" */ = {
			isa = XCRemoteSwiftPackageReference;
			repositoryURL = "https://github.com/apphud/ApphudSDK";
			requirement = {
				kind = upToNextMajorVersion;
				minimumVersion = 3.2.8;
			};
		};
		F91827D52BB81037000502E6 /* XCRemoteSwiftPackageReference "metrica-sdk-ios" */ = {
			isa = XCRemoteSwiftPackageReference;
			repositoryURL = "https://github.com/yandexmobile/metrica-sdk-ios";
			requirement = {
				kind = upToNextMajorVersion;
				minimumVersion = 4.5.2;
			};
		};
		F91827DA2BB81044000502E6 /* XCRemoteSwiftPackageReference "OneSignal-iOS-SDK" */ = {
			isa = XCRemoteSwiftPackageReference;
			repositoryURL = "https://github.com/OneSignal/OneSignal-iOS-SDK.git";
			requirement = {
				kind = upToNextMajorVersion;
				minimumVersion = 5.1.3;
			};
		};
		F91827DD2BB8106F000502E6 /* XCRemoteSwiftPackageReference "firebase-ios-sdk" */ = {
			isa = XCRemoteSwiftPackageReference;
			repositoryURL = "https://github.com/firebase/firebase-ios-sdk.git";
			requirement = {
				kind = upToNextMajorVersion;
				minimumVersion = 10.23.1;
			};
		};
/* End XCRemoteSwiftPackageReference section */

/* Begin XCSwiftPackageProductDependency section */
		F91827D32BB8102B000502E6 /* ApphudSDK */ = {
			isa = XCSwiftPackageProductDependency;
			package = F91827D22BB8102B000502E6 /* XCRemoteSwiftPackageReference "ApphudSDK" */;
			productName = ApphudSDK;
		};
		F91827D62BB81037000502E6 /* YandexMobileMetrica */ = {
			isa = XCSwiftPackageProductDependency;
			package = F91827D52BB81037000502E6 /* XCRemoteSwiftPackageReference "metrica-sdk-ios" */;
			productName = YandexMobileMetrica;
		};
		F91827DB2BB81044000502E6 /* OneSignalFramework */ = {
			isa = XCSwiftPackageProductDependency;
			package = F91827DA2BB81044000502E6 /* XCRemoteSwiftPackageReference "OneSignal-iOS-SDK" */;
			productName = OneSignalFramework;
		};
		F91827DE2BB8106F000502E6 /* FirebaseRemoteConfigSwift */ = {
			isa = XCSwiftPackageProductDependency;
			package = F91827DD2BB8106F000502E6 /* XCRemoteSwiftPackageReference "firebase-ios-sdk" */;
			productName = FirebaseRemoteConfigSwift;
		};
/* End XCSwiftPackageProductDependency section */

/* Begin XCVersionGroup section */
		F91827E02BB8107B000502E6 /* CoreModel.xcdatamodeld */ = {
			isa = XCVersionGroup;
			children = (
				F91827E12BB8107B000502E6 /* CoreModel.xcdatamodel */,
			);
			currentVersion = F91827E12BB8107B000502E6 /* CoreModel.xcdatamodel */;
			name = CoreModel.xcdatamodeld;
			path = /Users/slava/Desktop/App418/App418/Project/Extensions/CoreModel.xcdatamodeld;
			sourceTree = "<group>";
			versionGroupType = wrapper.xcdatamodel;
		};
/* End XCVersionGroup section */
	};
	rootObject = 7815E65D2BB5B5DE009074B2 /* Project object */;
}
